
Microsoft Visual Studio Solution File, Format Version 12.00
# Visual Studio Version 17
VisualStudioVersion = 17.14.36717.8 d17.14
MinimumVisualStudioVersion = 10.0.40219.1
Project("{FAE04EC0-301F-11D3-BF4B-00C04F79EFBC}") = "DesignPrinciples", "DesignPrinciples\DesignPrinciples.csproj", "{5D81AB56-5ADA-4F33-ACA7-3B2621D6D042}"
EndProject
Project("{FAE04EC0-301F-11D3-BF4B-00C04F79EFBC}") = "SOLID", "SOLID\SOLID.csproj", "{F8912C37-8F63-42DC-A12A-9FE5F8545260}"
EndProject
Global
	GlobalSection(SolutionConfigurationPlatforms) = preSolution
		Debug|Any CPU = Debug|Any CPU
		Release|Any CPU = Release|Any CPU
	EndGlobalSection
	GlobalSection(ProjectConfigurationPlatforms) = postSolution
		{5D81AB56-5ADA-4F33-ACA7-3B2621D6D042}.Debug|Any CPU.ActiveCfg = Debug|Any CPU
		{5D81AB56-5ADA-4F33-ACA7-3B2621D6D042}.Debug|Any CPU.Build.0 = Debug|Any CPU
		{5D81AB56-5ADA-4F33-ACA7-3B2621D6D042}.Release|Any CPU.ActiveCfg = Release|Any CPU
		{5D81AB56-5ADA-4F33-ACA7-3B2621D6D042}.Release|Any CPU.Build.0 = Release|Any CPU
		{F8912C37-8F63-42DC-A12A-9FE5F8545260}.Debug|Any CPU.ActiveCfg = Debug|Any CPU
		{F8912C37-8F63-42DC-A12A-9FE5F8545260}.Debug|Any CPU.Build.0 = Debug|Any CPU
		{F8912C37-8F63-42DC-A12A-9FE5F8545260}.Release|Any CPU.ActiveCfg = Release|Any CPU
		{F8912C37-8F63-42DC-A12A-9FE5F8545260}.Release|Any CPU.Build.0 = Release|Any CPU
	EndGlobalSection
	GlobalSection(SolutionProperties) = preSolution
		HideSolutionNode = FALSE
	EndGlobalSection
	GlobalSection(ExtensibilityGlobals) = postSolution
		SolutionGuid = {5CE3F3CF-27AE-46AD-87A8-DB4265D39937}
	EndGlobalSection
EndGlobal
